
Microsoft Visual Studio Solution File, Format Version 12.00
# Visual Studio Version 17
VisualStudioVersion = 17.5.33530.505
MinimumVisualStudioVersion = 10.0.40219.1
Project("{8BC9CEB8-8B4A-11D0-8D11-00A0C91BC942}") = "OpenSiv3D_0.6.11120230925", "OpenSiv3D_0.6.11120230925\OpenSiv3D_0.6.11120230925.vcxproj", "{3F67EC0C-A183-4935-BD62-0706483CFD4C}"
EndProject
Global
	GlobalSection(SolutionConfigurationPlatforms) = preSolution
		Debug|x64 = Debug|x64
		Release|x64 = Release|x64
	EndGlobalSection
	GlobalSection(ProjectConfigurationPlatforms) = postSolution
		{3F67EC0C-A183-4935-BD62-0706483CFD4C}.Debug|x64.ActiveCfg = Debug|x64
		{3F67EC0C-A183-4935-BD62-0706483CFD4C}.Debug|x64.Build.0 = Debug|x64
		{3F67EC0C-A183-4935-BD62-0706483CFD4C}.Release|x64.ActiveCfg = Release|x64
		{3F67EC0C-A183-4935-BD62-0706483CFD4C}.Release|x64.Build.0 = Release|x64
	EndGlobalSection
	GlobalSection(SolutionProperties) = preSolution
		HideSolutionNode = FALSE
	EndGlobalSection
	GlobalSection(ExtensibilityGlobals) = postSolution
		SolutionGuid = {4361F9E8-0800-45DE-9DDC-00578D7282B5}
	EndGlobalSection
EndGlobal
